// !$*UTF8*$!
{
	archiveVersion = 1;
	classes = {
	};
	objectVersion = 46;
	objects = {

/* Begin PBXBuildFile section */
		00E356F31AD99517003FC87E /* ExpManTests.m in Sources */ = {isa = PBXBuildFile; fileRef = 00E356F21AD99517003FC87E /* ExpManTests.m */; };
		13B07FBC1A68108700A75B9A /* AppDelegate.m in Sources */ = {isa = PBXBuildFile; fileRef = 13B07FB01A68108700A75B9A /* AppDelegate.m */; };
		13B07FBD1A68108700A75B9A /* LaunchScreen.xib in Resources */ = {isa = PBXBuildFile; fileRef = 13B07FB11A68108700A75B9A /* LaunchScreen.xib */; };
		13B07FBF1A68108700A75B9A /* Images.xcassets in Resources */ = {isa = PBXBuildFile; fileRef = 13B07FB51A68108700A75B9A /* Images.xcassets */; };
		13B07FC11A68108700A75B9A /* main.m in Sources */ = {isa = PBXBuildFile; fileRef = 13B07FB71A68108700A75B9A /* main.m */; };
		2D02E4BC1E0B4A80006451C7 /* AppDelegate.m in Sources */ = {isa = PBXBuildFile; fileRef = 13B07FB01A68108700A75B9A /* AppDelegate.m */; };
		2D02E4BD1E0B4A84006451C7 /* Images.xcassets in Resources */ = {isa = PBXBuildFile; fileRef = 13B07FB51A68108700A75B9A /* Images.xcassets */; };
		2D02E4BF1E0B4AB3006451C7 /* main.m in Sources */ = {isa = PBXBuildFile; fileRef = 13B07FB71A68108700A75B9A /* main.m */; };
		2DCD954D1E0B4F2C00145EB5 /* ExpManTests.m in Sources */ = {isa = PBXBuildFile; fileRef = 00E356F21AD99517003FC87E /* ExpManTests.m */; };
		DA58933178CC4687894A411D /* AntDesign.ttf in Resources */ = {isa = PBXBuildFile; fileRef = E2882B392FB54A37AEA349B6 /* AntDesign.ttf */; };
		3DB8AB49367947E09D96EDD1 /* Entypo.ttf in Resources */ = {isa = PBXBuildFile; fileRef = F7FBC0CFDAC64201BC356FEE /* Entypo.ttf */; };
		7B705ED543AD4F8989AED80A /* EvilIcons.ttf in Resources */ = {isa = PBXBuildFile; fileRef = E160D69CF9F945019BACC969 /* EvilIcons.ttf */; };
		F39A4092570D4D48A34A9DAD /* Feather.ttf in Resources */ = {isa = PBXBuildFile; fileRef = 8877604690AE4F7682772A93 /* Feather.ttf */; };
		ED67A42A7D254D5E97C978B3 /* FontAwesome.ttf in Resources */ = {isa = PBXBuildFile; fileRef = 28DFA141DEC04CC686854547 /* FontAwesome.ttf */; };
		3A69437FEC494C5D912F559C /* FontAwesome5_Brands.ttf in Resources */ = {isa = PBXBuildFile; fileRef = 7F6266F4B256476B9D07D104 /* FontAwesome5_Brands.ttf */; };
		316961A3EB0D4C55BB662EAF /* FontAwesome5_Regular.ttf in Resources */ = {isa = PBXBuildFile; fileRef = 389C01B2CBCA4AFF9278534D /* FontAwesome5_Regular.ttf */; };
		095409AF46424E41968030AA /* FontAwesome5_Solid.ttf in Resources */ = {isa = PBXBuildFile; fileRef = 19E9096FC35943959B425D16 /* FontAwesome5_Solid.ttf */; };
		B5C69364BA8E4A45AAB046F9 /* Fontisto.ttf in Resources */ = {isa = PBXBuildFile; fileRef = 95C768B2DEDA46149FFE9573 /* Fontisto.ttf */; };
		EFB7311791724C61ACEC640B /* Foundation.ttf in Resources */ = {isa = PBXBuildFile; fileRef = 1308D4AC7C464A1DB2A3EEB4 /* Foundation.ttf */; };
		2F2906D3ED2A4524A7EE3920 /* Ionicons.ttf in Resources */ = {isa = PBXBuildFile; fileRef = BAAC545365BD41F99AC01CCB /* Ionicons.ttf */; };
		6F388D588BB64166B836D93E /* MaterialCommunityIcons.ttf in Resources */ = {isa = PBXBuildFile; fileRef = 16E9DB15C20C4C71A1970DBB /* MaterialCommunityIcons.ttf */; };
		A304BE52D54342238ABAF874 /* MaterialIcons.ttf in Resources */ = {isa = PBXBuildFile; fileRef = 72FDB50849D5493AAD19A724 /* MaterialIcons.ttf */; };
		96D6D12D0E604973BE35DB2A /* Octicons.ttf in Resources */ = {isa = PBXBuildFile; fileRef = 09BC1AC0030B42C18650E930 /* Octicons.ttf */; };
		2839DE547E784DF099DEE30E /* SimpleLineIcons.ttf in Resources */ = {isa = PBXBuildFile; fileRef = BD523190D3C247C78152AC87 /* SimpleLineIcons.ttf */; };
		A7E5B9CD31574917BC7CAE1D /* Zocial.ttf in Resources */ = {isa = PBXBuildFile; fileRef = A840A9C166EF4FDC95F4D191 /* Zocial.ttf */; };
		F1705F236EBA4D889E2BCD56 /* alegreya-700.ttf in Resources */ = {isa = PBXBuildFile; fileRef = 91F8B214B07347B2A8057681 /* alegreya-700.ttf */; };
		CC016F2BA3F84BECA43AB1DA /* roboto-700.ttf in Resources */ = {isa = PBXBuildFile; fileRef = 4CA233F5347D4CE1BE1ED7F1 /* roboto-700.ttf */; };
		94296743E81E4F898E76DF72 /* roboto-700italic.ttf in Resources */ = {isa = PBXBuildFile; fileRef = F49FF4BCF8F64339AA927465 /* roboto-700italic.ttf */; };
		9D0475E37D084CFB9E0D6039 /* abril-fatface-regular.ttf in Resources */ = {isa = PBXBuildFile; fileRef = AE765CE76A024F90B1882E14 /* abril-fatface-regular.ttf */; };
		84300EA1085A40FD8C215D78 /* roboto-regular.ttf in Resources */ = {isa = PBXBuildFile; fileRef = D004DF33CBD84AEDB51BCB2A /* roboto-regular.ttf */; };
		0154071ABC684EE0BFF19F9B /* times-new-roman-regular.ttf in Resources */ = {isa = PBXBuildFile; fileRef = 01295AE8BBFB4A23AAFECF05 /* times-new-roman-regular.ttf */; };
		627E4B8454894FCF9FAF8713 /* PlayfairDisplay-Italic-VariableFont_wght.ttf in Resources */ = {isa = PBXBuildFile; fileRef = 3C065D9F1BD14554BB567B1C /* PlayfairDisplay-Italic-VariableFont_wght.ttf */; };
		7FBD54FE7DF7469D8D151EC6 /* PlayfairDisplay.ttf in Resources */ = {isa = PBXBuildFile; fileRef = BC921ED91C5141D1857B4EC9 /* PlayfairDisplay.ttf */; };
		C8B96D7E95124BA2BD380F79 /* PlayfairDisplay-Black.ttf in Resources */ = {isa = PBXBuildFile; fileRef = 7585A72D26BD479BB8ACE0F8 /* PlayfairDisplay-Black.ttf */; };
		A59486AB5435416C8D8FB4F2 /* PlayfairDisplay-BlackItalic.ttf in Resources */ = {isa = PBXBuildFile; fileRef = 084A1C9807044BD08ACDB5B9 /* PlayfairDisplay-BlackItalic.ttf */; };
		2F2C4B611F6D4764B88D3CAB /* PlayfairDisplay-Bold.ttf in Resources */ = {isa = PBXBuildFile; fileRef = FB37CCCB5497499A917125EB /* PlayfairDisplay-Bold.ttf */; };
		16D710BA7F45421F87680A5D /* PlayfairDisplay-BoldItalic.ttf in Resources */ = {isa = PBXBuildFile; fileRef = 0D70080B8A09453E8280DC29 /* PlayfairDisplay-BoldItalic.ttf */; };
		22E14418187A40669C6E2349 /* PlayfairDisplay-ExtraBold.ttf in Resources */ = {isa = PBXBuildFile; fileRef = F04C2D250FE74B3CB42D5F17 /* PlayfairDisplay-ExtraBold.ttf */; };
		B6111C6BC83946419E757E88 /* PlayfairDisplay-ExtraBoldItalic.ttf in Resources */ = {isa = PBXBuildFile; fileRef = 9766371D7E4241DBBFEF03F1 /* PlayfairDisplay-ExtraBoldItalic.ttf */; };
		80F4341E8A6E475195F09B8A /* PlayfairDisplay-Italic.ttf in Resources */ = {isa = PBXBuildFile; fileRef = EA4915175AF9442FBAFED5B7 /* PlayfairDisplay-Italic.ttf */; };
		3C4BB6D146634FE3A2F4B0C2 /* PlayfairDisplay-Medium.ttf in Resources */ = {isa = PBXBuildFile; fileRef = 4B0F65BE3779413D826C89E7 /* PlayfairDisplay-Medium.ttf */; };
		D2005E52D50042C790715B11 /* PlayfairDisplay-MediumItalic.ttf in Resources */ = {isa = PBXBuildFile; fileRef = 29420EBC8B664083BE233DAD /* PlayfairDisplay-MediumItalic.ttf */; };
		29335E274B214F4C9E59E387 /* PlayfairDisplay-Regular.ttf in Resources */ = {isa = PBXBuildFile; fileRef = FA2A2671BC104D9BA81C2BE3 /* PlayfairDisplay-Regular.ttf */; };
		3A519B00A04F42CC8E940552 /* PlayfairDisplay-SemiBold.ttf in Resources */ = {isa = PBXBuildFile; fileRef = 14C42E69FC59408F93BBE7C8 /* PlayfairDisplay-SemiBold.ttf */; };
		A0D171C632C74804A15B20C4 /* PlayfairDisplay-SemiBoldItalic.ttf in Resources */ = {isa = PBXBuildFile; fileRef = 67D2B5013C614D23A8CFAF20 /* PlayfairDisplay-SemiBoldItalic.ttf */; };
		6E6233DC85094E8F9AA8D5A6 /* HighjinksBB_ital.ttf in Resources */ = {isa = PBXBuildFile; fileRef = D0C384E1670B4E2C8508671A /* HighjinksBB_ital.ttf */; };
		51D5698811804EE987B72EC4 /* HighjinksBB.ttf in Resources */ = {isa = PBXBuildFile; fileRef = BC1AC6595780488698841663 /* HighjinksBB.ttf */; };
		C086FB41313A472F941C8240 /* PlayfairDisplay-Italic.ttf in Resources */ = {isa = PBXBuildFile; fileRef = 742931D0EE7F489D85722977 /* PlayfairDisplay-Italic.ttf */; };
		6763E014F9E545AC8A718C48 /* Ewert.ttf in Resources */ = {isa = PBXBuildFile; fileRef = 42FCA10FDBA64BAB902A08DA /* Ewert.ttf */; };
/* End PBXBuildFile section */

/* Begin PBXContainerItemProxy section */
		00E356F41AD99517003FC87E /* PBXContainerItemProxy */ = {
			isa = PBXContainerItemProxy;
			containerPortal = 83CBB9F71A601CBA00E9B192 /* Project object */;
			proxyType = 1;
			remoteGlobalIDString = 13B07F861A680F5B00A75B9A;
			remoteInfo = ExpMan;
		};
		2D02E4911E0B4A5D006451C7 /* PBXContainerItemProxy */ = {
			isa = PBXContainerItemProxy;
			containerPortal = 83CBB9F71A601CBA00E9B192 /* Project object */;
			proxyType = 1;
			remoteGlobalIDString = 2D02E47A1E0B4A5D006451C7;
			remoteInfo = "ExpMan-tvOS";
		};
/* End PBXContainerItemProxy section */

/* Begin PBXFileReference section */
		008F07F21AC5B25A0029DE68 /* main.jsbundle */ = {isa = PBXFileReference; fileEncoding = 4; lastKnownFileType = text; path = main.jsbundle; sourceTree = "<group>"; };
		00E356EE1AD99517003FC87E /* ExpManTests.xctest */ = {isa = PBXFileReference; explicitFileType = wrapper.cfbundle; includeInIndex = 0; path = ExpManTests.xctest; sourceTree = BUILT_PRODUCTS_DIR; };
		00E356F11AD99517003FC87E /* Info.plist */ = {isa = PBXFileReference; lastKnownFileType = text.plist.xml; path = Info.plist; sourceTree = "<group>"; };
		00E356F21AD99517003FC87E /* ExpManTests.m */ = {isa = PBXFileReference; lastKnownFileType = sourcecode.c.objc; path = ExpManTests.m; sourceTree = "<group>"; };
		13B07F961A680F5B00A75B9A /* ExpMan.app */ = {isa = PBXFileReference; explicitFileType = wrapper.application; includeInIndex = 0; path = ExpMan.app; sourceTree = BUILT_PRODUCTS_DIR; };
		13B07FAF1A68108700A75B9A /* AppDelegate.h */ = {isa = PBXFileReference; fileEncoding = 4; lastKnownFileType = sourcecode.c.h; name = AppDelegate.h; path = ExpMan/AppDelegate.h; sourceTree = "<group>"; };
		13B07FB01A68108700A75B9A /* AppDelegate.m */ = {isa = PBXFileReference; fileEncoding = 4; lastKnownFileType = sourcecode.c.objc; name = AppDelegate.m; path = ExpMan/AppDelegate.m; sourceTree = "<group>"; };
		13B07FB21A68108700A75B9A /* Base */ = {isa = PBXFileReference; lastKnownFileType = file.xib; name = Base; path = Base.lproj/LaunchScreen.xib; sourceTree = "<group>"; };
		13B07FB51A68108700A75B9A /* Images.xcassets */ = {isa = PBXFileReference; lastKnownFileType = folder.assetcatalog; name = Images.xcassets; path = ExpMan/Images.xcassets; sourceTree = "<group>"; };
		13B07FB61A68108700A75B9A /* Info.plist */ = {isa = PBXFileReference; fileEncoding = 4; lastKnownFileType = text.plist.xml; name = Info.plist; path = ExpMan/Info.plist; sourceTree = "<group>"; };
		13B07FB71A68108700A75B9A /* main.m */ = {isa = PBXFileReference; fileEncoding = 4; lastKnownFileType = sourcecode.c.objc; name = main.m; path = ExpMan/main.m; sourceTree = "<group>"; };
		2D02E47B1E0B4A5D006451C7 /* ExpMan-tvOS.app */ = {isa = PBXFileReference; explicitFileType = wrapper.application; includeInIndex = 0; path = "ExpMan-tvOS.app"; sourceTree = BUILT_PRODUCTS_DIR; };
		2D02E4901E0B4A5D006451C7 /* ExpMan-tvOSTests.xctest */ = {isa = PBXFileReference; explicitFileType = wrapper.cfbundle; includeInIndex = 0; path = "ExpMan-tvOSTests.xctest"; sourceTree = BUILT_PRODUCTS_DIR; };
		ED297162215061F000B7C4FE /* JavaScriptCore.framework */ = {isa = PBXFileReference; lastKnownFileType = wrapper.framework; name = JavaScriptCore.framework; path = System/Library/Frameworks/JavaScriptCore.framework; sourceTree = SDKROOT; };
		ED2971642150620600B7C4FE /* JavaScriptCore.framework */ = {isa = PBXFileReference; lastKnownFileType = wrapper.framework; name = JavaScriptCore.framework; path = Platforms/AppleTVOS.platform/Developer/SDKs/AppleTVOS12.0.sdk/System/Library/Frameworks/JavaScriptCore.framework; sourceTree = DEVELOPER_DIR; };
		E2882B392FB54A37AEA349B6 /* AntDesign.ttf */ = {isa = PBXFileReference; name = "AntDesign.ttf"; path = "../node_modules/react-native-vector-icons/Fonts/AntDesign.ttf"; sourceTree = "<group>"; fileEncoding = undefined; lastKnownFileType = unknown; explicitFileType = undefined; includeInIndex = 0; };
		F7FBC0CFDAC64201BC356FEE /* Entypo.ttf */ = {isa = PBXFileReference; name = "Entypo.ttf"; path = "../node_modules/react-native-vector-icons/Fonts/Entypo.ttf"; sourceTree = "<group>"; fileEncoding = undefined; lastKnownFileType = unknown; explicitFileType = undefined; includeInIndex = 0; };
		E160D69CF9F945019BACC969 /* EvilIcons.ttf */ = {isa = PBXFileReference; name = "EvilIcons.ttf"; path = "../node_modules/react-native-vector-icons/Fonts/EvilIcons.ttf"; sourceTree = "<group>"; fileEncoding = undefined; lastKnownFileType = unknown; explicitFileType = undefined; includeInIndex = 0; };
		8877604690AE4F7682772A93 /* Feather.ttf */ = {isa = PBXFileReference; name = "Feather.ttf"; path = "../node_modules/react-native-vector-icons/Fonts/Feather.ttf"; sourceTree = "<group>"; fileEncoding = undefined; lastKnownFileType = unknown; explicitFileType = undefined; includeInIndex = 0; };
		28DFA141DEC04CC686854547 /* FontAwesome.ttf */ = {isa = PBXFileReference; name = "FontAwesome.ttf"; path = "../node_modules/react-native-vector-icons/Fonts/FontAwesome.ttf"; sourceTree = "<group>"; fileEncoding = undefined; lastKnownFileType = unknown; explicitFileType = undefined; includeInIndex = 0; };
		7F6266F4B256476B9D07D104 /* FontAwesome5_Brands.ttf */ = {isa = PBXFileReference; name = "FontAwesome5_Brands.ttf"; path = "../node_modules/react-native-vector-icons/Fonts/FontAwesome5_Brands.ttf"; sourceTree = "<group>"; fileEncoding = undefined; lastKnownFileType = unknown; explicitFileType = undefined; includeInIndex = 0; };
		389C01B2CBCA4AFF9278534D /* FontAwesome5_Regular.ttf */ = {isa = PBXFileReference; name = "FontAwesome5_Regular.ttf"; path = "../node_modules/react-native-vector-icons/Fonts/FontAwesome5_Regular.ttf"; sourceTree = "<group>"; fileEncoding = undefined; lastKnownFileType = unknown; explicitFileType = undefined; includeInIndex = 0; };
		19E9096FC35943959B425D16 /* FontAwesome5_Solid.ttf */ = {isa = PBXFileReference; name = "FontAwesome5_Solid.ttf"; path = "../node_modules/react-native-vector-icons/Fonts/FontAwesome5_Solid.ttf"; sourceTree = "<group>"; fileEncoding = undefined; lastKnownFileType = unknown; explicitFileType = undefined; includeInIndex = 0; };
		95C768B2DEDA46149FFE9573 /* Fontisto.ttf */ = {isa = PBXFileReference; name = "Fontisto.ttf"; path = "../node_modules/react-native-vector-icons/Fonts/Fontisto.ttf"; sourceTree = "<group>"; fileEncoding = undefined; lastKnownFileType = unknown; explicitFileType = undefined; includeInIndex = 0; };
		1308D4AC7C464A1DB2A3EEB4 /* Foundation.ttf */ = {isa = PBXFileReference; name = "Foundation.ttf"; path = "../node_modules/react-native-vector-icons/Fonts/Foundation.ttf"; sourceTree = "<group>"; fileEncoding = undefined; lastKnownFileType = unknown; explicitFileType = undefined; includeInIndex = 0; };
		BAAC545365BD41F99AC01CCB /* Ionicons.ttf */ = {isa = PBXFileReference; name = "Ionicons.ttf"; path = "../node_modules/react-native-vector-icons/Fonts/Ionicons.ttf"; sourceTree = "<group>"; fileEncoding = undefined; lastKnownFileType = unknown; explicitFileType = undefined; includeInIndex = 0; };
		16E9DB15C20C4C71A1970DBB /* MaterialCommunityIcons.ttf */ = {isa = PBXFileReference; name = "MaterialCommunityIcons.ttf"; path = "../node_modules/react-native-vector-icons/Fonts/MaterialCommunityIcons.ttf"; sourceTree = "<group>"; fileEncoding = undefined; lastKnownFileType = unknown; explicitFileType = undefined; includeInIndex = 0; };
		72FDB50849D5493AAD19A724 /* MaterialIcons.ttf */ = {isa = PBXFileReference; name = "MaterialIcons.ttf"; path = "../node_modules/react-native-vector-icons/Fonts/MaterialIcons.ttf"; sourceTree = "<group>"; fileEncoding = undefined; lastKnownFileType = unknown; explicitFileType = undefined; includeInIndex = 0; };
		09BC1AC0030B42C18650E930 /* Octicons.ttf */ = {isa = PBXFileReference; name = "Octicons.ttf"; path = "../node_modules/react-native-vector-icons/Fonts/Octicons.ttf"; sourceTree = "<group>"; fileEncoding = undefined; lastKnownFileType = unknown; explicitFileType = undefined; includeInIndex = 0; };
		BD523190D3C247C78152AC87 /* SimpleLineIcons.ttf */ = {isa = PBXFileReference; name = "SimpleLineIcons.ttf"; path = "../node_modules/react-native-vector-icons/Fonts/SimpleLineIcons.ttf"; sourceTree = "<group>"; fileEncoding = undefined; lastKnownFileType = unknown; explicitFileType = undefined; includeInIndex = 0; };
		A840A9C166EF4FDC95F4D191 /* Zocial.ttf */ = {isa = PBXFileReference; name = "Zocial.ttf"; path = "../node_modules/react-native-vector-icons/Fonts/Zocial.ttf"; sourceTree = "<group>"; fileEncoding = undefined; lastKnownFileType = unknown; explicitFileType = undefined; includeInIndex = 0; };
		91F8B214B07347B2A8057681 /* alegreya-700.ttf */ = {isa = PBXFileReference; name = "alegreya-700.ttf"; path = "../assets/fonts/alegreya-700.ttf"; sourceTree = "<group>"; fileEncoding = undefined; lastKnownFileType = unknown; explicitFileType = undefined; includeInIndex = 0; };
		4CA233F5347D4CE1BE1ED7F1 /* roboto-700.ttf */ = {isa = PBXFileReference; name = "roboto-700.ttf"; path = "../assets/fonts/roboto-700.ttf"; sourceTree = "<group>"; fileEncoding = undefined; lastKnownFileType = unknown; explicitFileType = undefined; includeInIndex = 0; };
		F49FF4BCF8F64339AA927465 /* roboto-700italic.ttf */ = {isa = PBXFileReference; name = "roboto-700italic.ttf"; path = "../assets/fonts/roboto-700italic.ttf"; sourceTree = "<group>"; fileEncoding = undefined; lastKnownFileType = unknown; explicitFileType = undefined; includeInIndex = 0; };
		AE765CE76A024F90B1882E14 /* abril-fatface-regular.ttf */ = {isa = PBXFileReference; name = "abril-fatface-regular.ttf"; path = "../assets/fonts/abril-fatface-regular.ttf"; sourceTree = "<group>"; fileEncoding = undefined; lastKnownFileType = unknown; explicitFileType = undefined; includeInIndex = 0; };
		D004DF33CBD84AEDB51BCB2A /* roboto-regular.ttf */ = {isa = PBXFileReference; name = "roboto-regular.ttf"; path = "../assets/fonts/roboto-regular.ttf"; sourceTree = "<group>"; fileEncoding = undefined; lastKnownFileType = unknown; explicitFileType = undefined; includeInIndex = 0; };
		01295AE8BBFB4A23AAFECF05 /* times-new-roman-regular.ttf */ = {isa = PBXFileReference; name = "times-new-roman-regular.ttf"; path = "../assets/fonts/times-new-roman-regular.ttf"; sourceTree = "<group>"; fileEncoding = undefined; lastKnownFileType = unknown; explicitFileType = undefined; includeInIndex = 0; };
		3C065D9F1BD14554BB567B1C /* PlayfairDisplay-Italic-VariableFont_wght.ttf */ = {isa = PBXFileReference; name = "PlayfairDisplay-Italic-VariableFont_wght.ttf"; path = "../assets/fonts/PlayfairDisplay-Italic-VariableFont_wght.ttf"; sourceTree = "<group>"; fileEncoding = undefined; lastKnownFileType = unknown; explicitFileType = undefined; includeInIndex = 0; };
		BC921ED91C5141D1857B4EC9 /* PlayfairDisplay.ttf */ = {isa = PBXFileReference; name = "PlayfairDisplay.ttf"; path = "../assets/fonts/PlayfairDisplay.ttf"; sourceTree = "<group>"; fileEncoding = undefined; lastKnownFileType = unknown; explicitFileType = undefined; includeInIndex = 0; };
		7585A72D26BD479BB8ACE0F8 /* PlayfairDisplay-Black.ttf */ = {isa = PBXFileReference; name = "PlayfairDisplay-Black.ttf"; path = "../assets/fonts/static/PlayfairDisplay-Black.ttf"; sourceTree = "<group>"; fileEncoding = undefined; lastKnownFileType = unknown; explicitFileType = undefined; includeInIndex = 0; };
		084A1C9807044BD08ACDB5B9 /* PlayfairDisplay-BlackItalic.ttf */ = {isa = PBXFileReference; name = "PlayfairDisplay-BlackItalic.ttf"; path = "../assets/fonts/static/PlayfairDisplay-BlackItalic.ttf"; sourceTree = "<group>"; fileEncoding = undefined; lastKnownFileType = unknown; explicitFileType = undefined; includeInIndex = 0; };
		FB37CCCB5497499A917125EB /* PlayfairDisplay-Bold.ttf */ = {isa = PBXFileReference; name = "PlayfairDisplay-Bold.ttf"; path = "../assets/fonts/static/PlayfairDisplay-Bold.ttf"; sourceTree = "<group>"; fileEncoding = undefined; lastKnownFileType = unknown; explicitFileType = undefined; includeInIndex = 0; };
		0D70080B8A09453E8280DC29 /* PlayfairDisplay-BoldItalic.ttf */ = {isa = PBXFileReference; name = "PlayfairDisplay-BoldItalic.ttf"; path = "../assets/fonts/static/PlayfairDisplay-BoldItalic.ttf"; sourceTree = "<group>"; fileEncoding = undefined; lastKnownFileType = unknown; explicitFileType = undefined; includeInIndex = 0; };
		F04C2D250FE74B3CB42D5F17 /* PlayfairDisplay-ExtraBold.ttf */ = {isa = PBXFileReference; name = "PlayfairDisplay-ExtraBold.ttf"; path = "../assets/fonts/static/PlayfairDisplay-ExtraBold.ttf"; sourceTree = "<group>"; fileEncoding = undefined; lastKnownFileType = unknown; explicitFileType = undefined; includeInIndex = 0; };
		9766371D7E4241DBBFEF03F1 /* PlayfairDisplay-ExtraBoldItalic.ttf */ = {isa = PBXFileReference; name = "PlayfairDisplay-ExtraBoldItalic.ttf"; path = "../assets/fonts/static/PlayfairDisplay-ExtraBoldItalic.ttf"; sourceTree = "<group>"; fileEncoding = undefined; lastKnownFileType = unknown; explicitFileType = undefined; includeInIndex = 0; };
		EA4915175AF9442FBAFED5B7 /* PlayfairDisplay-Italic.ttf */ = {isa = PBXFileReference; name = "PlayfairDisplay-Italic.ttf"; path = "../assets/fonts/static/PlayfairDisplay-Italic.ttf"; sourceTree = "<group>"; fileEncoding = undefined; lastKnownFileType = unknown; explicitFileType = undefined; includeInIndex = 0; };
		4B0F65BE3779413D826C89E7 /* PlayfairDisplay-Medium.ttf */ = {isa = PBXFileReference; name = "PlayfairDisplay-Medium.ttf"; path = "../assets/fonts/static/PlayfairDisplay-Medium.ttf"; sourceTree = "<group>"; fileEncoding = undefined; lastKnownFileType = unknown; explicitFileType = undefined; includeInIndex = 0; };
		29420EBC8B664083BE233DAD /* PlayfairDisplay-MediumItalic.ttf */ = {isa = PBXFileReference; name = "PlayfairDisplay-MediumItalic.ttf"; path = "../assets/fonts/static/PlayfairDisplay-MediumItalic.ttf"; sourceTree = "<group>"; fileEncoding = undefined; lastKnownFileType = unknown; explicitFileType = undefined; includeInIndex = 0; };
		FA2A2671BC104D9BA81C2BE3 /* PlayfairDisplay-Regular.ttf */ = {isa = PBXFileReference; name = "PlayfairDisplay-Regular.ttf"; path = "../assets/fonts/static/PlayfairDisplay-Regular.ttf"; sourceTree = "<group>"; fileEncoding = undefined; lastKnownFileType = unknown; explicitFileType = undefined; includeInIndex = 0; };
		14C42E69FC59408F93BBE7C8 /* PlayfairDisplay-SemiBold.ttf */ = {isa = PBXFileReference; name = "PlayfairDisplay-SemiBold.ttf"; path = "../assets/fonts/static/PlayfairDisplay-SemiBold.ttf"; sourceTree = "<group>"; fileEncoding = undefined; lastKnownFileType = unknown; explicitFileType = undefined; includeInIndex = 0; };
		67D2B5013C614D23A8CFAF20 /* PlayfairDisplay-SemiBoldItalic.ttf */ = {isa = PBXFileReference; name = "PlayfairDisplay-SemiBoldItalic.ttf"; path = "../assets/fonts/static/PlayfairDisplay-SemiBoldItalic.ttf"; sourceTree = "<group>"; fileEncoding = undefined; lastKnownFileType = unknown; explicitFileType = undefined; includeInIndex = 0; };
		D0C384E1670B4E2C8508671A /* HighjinksBB_ital.ttf */ = {isa = PBXFileReference; name = "HighjinksBB_ital.ttf"; path = "../assets/fonts/HighjinksBB_ital.ttf"; sourceTree = "<group>"; fileEncoding = undefined; lastKnownFileType = unknown; explicitFileType = undefined; includeInIndex = 0; };
		BC1AC6595780488698841663 /* HighjinksBB.ttf */ = {isa = PBXFileReference; name = "HighjinksBB.ttf"; path = "../assets/fonts/HighjinksBB.ttf"; sourceTree = "<group>"; fileEncoding = undefined; lastKnownFileType = unknown; explicitFileType = undefined; includeInIndex = 0; };
		742931D0EE7F489D85722977 /* PlayfairDisplay-Italic.ttf */ = {isa = PBXFileReference; name = "PlayfairDisplay-Italic.ttf"; path = "../assets/fonts/PlayfairDisplay-Italic.ttf"; sourceTree = "<group>"; fileEncoding = undefined; lastKnownFileType = unknown; explicitFileType = undefined; includeInIndex = 0; };
		42FCA10FDBA64BAB902A08DA /* Ewert.ttf */ = {isa = PBXFileReference; name = "Ewert.ttf"; path = "../assets/fonts/Ewert.ttf"; sourceTree = "<group>"; fileEncoding = undefined; lastKnownFileType = unknown; explicitFileType = undefined; includeInIndex = 0; };
/* End PBXFileReference section */

/* Begin PBXFrameworksBuildPhase section */
		00E356EB1AD99517003FC87E /* Frameworks */ = {
			isa = PBXFrameworksBuildPhase;
			buildActionMask = 2147483647;
			files = (
			);
			runOnlyForDeploymentPostprocessing = 0;
		};
		13B07F8C1A680F5B00A75B9A /* Frameworks */ = {
			isa = PBXFrameworksBuildPhase;
			buildActionMask = 2147483647;
			files = (
			);
			runOnlyForDeploymentPostprocessing = 0;
		};
		2D02E4781E0B4A5D006451C7 /* Frameworks */ = {
			isa = PBXFrameworksBuildPhase;
			buildActionMask = 2147483647;
			files = (
			);
			runOnlyForDeploymentPostprocessing = 0;
		};
		2D02E48D1E0B4A5D006451C7 /* Frameworks */ = {
			isa = PBXFrameworksBuildPhase;
			buildActionMask = 2147483647;
			files = (
			);
			runOnlyForDeploymentPostprocessing = 0;
		};
/* End PBXFrameworksBuildPhase section */

/* Begin PBXGroup section */
		00E356EF1AD99517003FC87E /* ExpManTests */ = {
			isa = PBXGroup;
			children = (
				00E356F21AD99517003FC87E /* ExpManTests.m */,
				00E356F01AD99517003FC87E /* Supporting Files */,
			);
			path = ExpManTests;
			sourceTree = "<group>";
		};
		00E356F01AD99517003FC87E /* Supporting Files */ = {
			isa = PBXGroup;
			children = (
				00E356F11AD99517003FC87E /* Info.plist */,
			);
			name = "Supporting Files";
			sourceTree = "<group>";
		};
		13B07FAE1A68108700A75B9A /* ExpMan */ = {
			isa = PBXGroup;
			children = (
				008F07F21AC5B25A0029DE68 /* main.jsbundle */,
				13B07FAF1A68108700A75B9A /* AppDelegate.h */,
				13B07FB01A68108700A75B9A /* AppDelegate.m */,
				13B07FB51A68108700A75B9A /* Images.xcassets */,
				13B07FB61A68108700A75B9A /* Info.plist */,
				13B07FB11A68108700A75B9A /* LaunchScreen.xib */,
				13B07FB71A68108700A75B9A /* main.m */,
			);
			name = ExpMan;
			sourceTree = "<group>";
		};
		2D16E6871FA4F8E400B85C8A /* Frameworks */ = {
			isa = PBXGroup;
			children = (
				ED297162215061F000B7C4FE /* JavaScriptCore.framework */,
				ED2971642150620600B7C4FE /* JavaScriptCore.framework */,
			);
			name = Frameworks;
			sourceTree = "<group>";
		};
		832341AE1AAA6A7D00B99B32 /* Libraries */ = {
			isa = PBXGroup;
			children = (
			);
			name = Libraries;
			sourceTree = "<group>";
		};
		83CBB9F61A601CBA00E9B192 = {
			isa = PBXGroup;
			children = (
				13B07FAE1A68108700A75B9A /* ExpMan */,
				832341AE1AAA6A7D00B99B32 /* Libraries */,
				00E356EF1AD99517003FC87E /* ExpManTests */,
				83CBBA001A601CBA00E9B192 /* Products */,
				2D16E6871FA4F8E400B85C8A /* Frameworks */,
				B32AAFFA9EA34519A42A288D /* Resources */,
			);
			indentWidth = 2;
			sourceTree = "<group>";
			tabWidth = 2;
			usesTabs = 0;
		};
		83CBBA001A601CBA00E9B192 /* Products */ = {
			isa = PBXGroup;
			children = (
				13B07F961A680F5B00A75B9A /* ExpMan.app */,
				00E356EE1AD99517003FC87E /* ExpManTests.xctest */,
				2D02E47B1E0B4A5D006451C7 /* ExpMan-tvOS.app */,
				2D02E4901E0B4A5D006451C7 /* ExpMan-tvOSTests.xctest */,
			);
			name = Products;
			sourceTree = "<group>";
		};
		B32AAFFA9EA34519A42A288D /* Resources */ = {
			isa = "PBXGroup";
			children = (
				E2882B392FB54A37AEA349B6 /* AntDesign.ttf */,
				F7FBC0CFDAC64201BC356FEE /* Entypo.ttf */,
				E160D69CF9F945019BACC969 /* EvilIcons.ttf */,
				8877604690AE4F7682772A93 /* Feather.ttf */,
				28DFA141DEC04CC686854547 /* FontAwesome.ttf */,
				7F6266F4B256476B9D07D104 /* FontAwesome5_Brands.ttf */,
				389C01B2CBCA4AFF9278534D /* FontAwesome5_Regular.ttf */,
				19E9096FC35943959B425D16 /* FontAwesome5_Solid.ttf */,
				95C768B2DEDA46149FFE9573 /* Fontisto.ttf */,
				1308D4AC7C464A1DB2A3EEB4 /* Foundation.ttf */,
				BAAC545365BD41F99AC01CCB /* Ionicons.ttf */,
				16E9DB15C20C4C71A1970DBB /* MaterialCommunityIcons.ttf */,
				72FDB50849D5493AAD19A724 /* MaterialIcons.ttf */,
				09BC1AC0030B42C18650E930 /* Octicons.ttf */,
				BD523190D3C247C78152AC87 /* SimpleLineIcons.ttf */,
				A840A9C166EF4FDC95F4D191 /* Zocial.ttf */,
				91F8B214B07347B2A8057681 /* alegreya-700.ttf */,
				4CA233F5347D4CE1BE1ED7F1 /* roboto-700.ttf */,
				F49FF4BCF8F64339AA927465 /* roboto-700italic.ttf */,
				AE765CE76A024F90B1882E14 /* abril-fatface-regular.ttf */,
				D004DF33CBD84AEDB51BCB2A /* roboto-regular.ttf */,
				01295AE8BBFB4A23AAFECF05 /* times-new-roman-regular.ttf */,
				3C065D9F1BD14554BB567B1C /* PlayfairDisplay-Italic-VariableFont_wght.ttf */,
				BC921ED91C5141D1857B4EC9 /* PlayfairDisplay.ttf */,
				7585A72D26BD479BB8ACE0F8 /* PlayfairDisplay-Black.ttf */,
				084A1C9807044BD08ACDB5B9 /* PlayfairDisplay-BlackItalic.ttf */,
				FB37CCCB5497499A917125EB /* PlayfairDisplay-Bold.ttf */,
				0D70080B8A09453E8280DC29 /* PlayfairDisplay-BoldItalic.ttf */,
				F04C2D250FE74B3CB42D5F17 /* PlayfairDisplay-ExtraBold.ttf */,
				9766371D7E4241DBBFEF03F1 /* PlayfairDisplay-ExtraBoldItalic.ttf */,
				EA4915175AF9442FBAFED5B7 /* PlayfairDisplay-Italic.ttf */,
				4B0F65BE3779413D826C89E7 /* PlayfairDisplay-Medium.ttf */,
				29420EBC8B664083BE233DAD /* PlayfairDisplay-MediumItalic.ttf */,
				FA2A2671BC104D9BA81C2BE3 /* PlayfairDisplay-Regular.ttf */,
				14C42E69FC59408F93BBE7C8 /* PlayfairDisplay-SemiBold.ttf */,
				67D2B5013C614D23A8CFAF20 /* PlayfairDisplay-SemiBoldItalic.ttf */,
				D0C384E1670B4E2C8508671A /* HighjinksBB_ital.ttf */,
				BC1AC6595780488698841663 /* HighjinksBB.ttf */,
				742931D0EE7F489D85722977 /* PlayfairDisplay-Italic.ttf */,
				42FCA10FDBA64BAB902A08DA /* Ewert.ttf */,
			);
			name = Resources;
			sourceTree = "<group>";
			path = "";
		};
/* End PBXGroup section */

/* Begin PBXNativeTarget section */
		00E356ED1AD99517003FC87E /* ExpManTests */ = {
			isa = PBXNativeTarget;
			buildConfigurationList = 00E357021AD99517003FC87E /* Build configuration list for PBXNativeTarget "ExpManTests" */;
			buildPhases = (
				00E356EA1AD99517003FC87E /* Sources */,
				00E356EB1AD99517003FC87E /* Frameworks */,
				00E356EC1AD99517003FC87E /* Resources */,
			);
			buildRules = (
			);
			dependencies = (
				00E356F51AD99517003FC87E /* PBXTargetDependency */,
			);
			name = ExpManTests;
			productName = ExpManTests;
			productReference = 00E356EE1AD99517003FC87E /* ExpManTests.xctest */;
			productType = "com.apple.product-type.bundle.unit-test";
		};
		13B07F861A680F5B00A75B9A /* ExpMan */ = {
			isa = PBXNativeTarget;
			buildConfigurationList = 13B07F931A680F5B00A75B9A /* Build configuration list for PBXNativeTarget "ExpMan" */;
			buildPhases = (
				FD10A7F022414F080027D42C /* Start Packager */,
				13B07F871A680F5B00A75B9A /* Sources */,
				13B07F8C1A680F5B00A75B9A /* Frameworks */,
				13B07F8E1A680F5B00A75B9A /* Resources */,
				00DD1BFF1BD5951E006B06BC /* Bundle React Native code and images */,
			);
			buildRules = (
			);
			dependencies = (
			);
			name = ExpMan;
			productName = "ExpMan";
			productReference = 13B07F961A680F5B00A75B9A /* ExpMan.app */;
			productType = "com.apple.product-type.application";
		};
		2D02E47A1E0B4A5D006451C7 /* ExpMan-tvOS */ = {
			isa = PBXNativeTarget;
			buildConfigurationList = 2D02E4BA1E0B4A5E006451C7 /* Build configuration list for PBXNativeTarget "ExpMan-tvOS" */;
			buildPhases = (
				FD10A7F122414F3F0027D42C /* Start Packager */,
				2D02E4771E0B4A5D006451C7 /* Sources */,
				2D02E4781E0B4A5D006451C7 /* Frameworks */,
				2D02E4791E0B4A5D006451C7 /* Resources */,
				2D02E4CB1E0B4B27006451C7 /* Bundle React Native Code And Images */,
			);
			buildRules = (
			);
			dependencies = (
			);
			name = "ExpMan-tvOS";
			productName = "ExpMan-tvOS";
			productReference = 2D02E47B1E0B4A5D006451C7 /* ExpMan-tvOS.app */;
			productType = "com.apple.product-type.application";
		};
		2D02E48F1E0B4A5D006451C7 /* ExpMan-tvOSTests */ = {
			isa = PBXNativeTarget;
			buildConfigurationList = 2D02E4BB1E0B4A5E006451C7 /* Build configuration list for PBXNativeTarget "ExpMan-tvOSTests" */;
			buildPhases = (
				2D02E48C1E0B4A5D006451C7 /* Sources */,
				2D02E48D1E0B4A5D006451C7 /* Frameworks */,
				2D02E48E1E0B4A5D006451C7 /* Resources */,
			);
			buildRules = (
			);
			dependencies = (
				2D02E4921E0B4A5D006451C7 /* PBXTargetDependency */,
			);
			name = "ExpMan-tvOSTests";
			productName = "ExpMan-tvOSTests";
			productReference = 2D02E4901E0B4A5D006451C7 /* ExpMan-tvOSTests.xctest */;
			productType = "com.apple.product-type.bundle.unit-test";
		};
/* End PBXNativeTarget section */

/* Begin PBXProject section */
		83CBB9F71A601CBA00E9B192 /* Project object */ = {
			isa = PBXProject;
			attributes = {
				LastUpgradeCheck = 940;
				ORGANIZATIONNAME = Facebook;
				TargetAttributes = {
					00E356ED1AD99517003FC87E = {
						CreatedOnToolsVersion = 6.2;
						TestTargetID = 13B07F861A680F5B00A75B9A;
					};
					2D02E47A1E0B4A5D006451C7 = {
						CreatedOnToolsVersion = 8.2.1;
						ProvisioningStyle = Automatic;
					};
					2D02E48F1E0B4A5D006451C7 = {
						CreatedOnToolsVersion = 8.2.1;
						ProvisioningStyle = Automatic;
						TestTargetID = 2D02E47A1E0B4A5D006451C7;
					};
				};
			};
			buildConfigurationList = 83CBB9FA1A601CBA00E9B192 /* Build configuration list for PBXProject "ExpMan" */;
			compatibilityVersion = "Xcode 3.2";
			developmentRegion = English;
			hasScannedForEncodings = 0;
			knownRegions = (
				en,
				Base,
			);
			mainGroup = 83CBB9F61A601CBA00E9B192;
			productRefGroup = 83CBBA001A601CBA00E9B192 /* Products */;
			projectDirPath = "";
			projectRoot = "";
			targets = (
				13B07F861A680F5B00A75B9A /* ExpMan */,
				00E356ED1AD99517003FC87E /* ExpManTests */,
				2D02E47A1E0B4A5D006451C7 /* ExpMan-tvOS */,
				2D02E48F1E0B4A5D006451C7 /* ExpMan-tvOSTests */,
			);
		};
/* End PBXProject section */

/* Begin PBXResourcesBuildPhase section */
		00E356EC1AD99517003FC87E /* Resources */ = {
			isa = PBXResourcesBuildPhase;
			buildActionMask = 2147483647;
			files = (
			);
			runOnlyForDeploymentPostprocessing = 0;
		};
		13B07F8E1A680F5B00A75B9A /* Resources */ = {
			isa = PBXResourcesBuildPhase;
			buildActionMask = 2147483647;
			files = (
				13B07FBF1A68108700A75B9A /* Images.xcassets in Resources */,
				13B07FBD1A68108700A75B9A /* LaunchScreen.xib in Resources */,
				DA58933178CC4687894A411D /* AntDesign.ttf in Resources */,
				3DB8AB49367947E09D96EDD1 /* Entypo.ttf in Resources */,
				7B705ED543AD4F8989AED80A /* EvilIcons.ttf in Resources */,
				F39A4092570D4D48A34A9DAD /* Feather.ttf in Resources */,
				ED67A42A7D254D5E97C978B3 /* FontAwesome.ttf in Resources */,
				3A69437FEC494C5D912F559C /* FontAwesome5_Brands.ttf in Resources */,
				316961A3EB0D4C55BB662EAF /* FontAwesome5_Regular.ttf in Resources */,
				095409AF46424E41968030AA /* FontAwesome5_Solid.ttf in Resources */,
				B5C69364BA8E4A45AAB046F9 /* Fontisto.ttf in Resources */,
				EFB7311791724C61ACEC640B /* Foundation.ttf in Resources */,
				2F2906D3ED2A4524A7EE3920 /* Ionicons.ttf in Resources */,
				6F388D588BB64166B836D93E /* MaterialCommunityIcons.ttf in Resources */,
				A304BE52D54342238ABAF874 /* MaterialIcons.ttf in Resources */,
				96D6D12D0E604973BE35DB2A /* Octicons.ttf in Resources */,
				2839DE547E784DF099DEE30E /* SimpleLineIcons.ttf in Resources */,
				A7E5B9CD31574917BC7CAE1D /* Zocial.ttf in Resources */,
				F1705F236EBA4D889E2BCD56 /* alegreya-700.ttf in Resources */,
				CC016F2BA3F84BECA43AB1DA /* roboto-700.ttf in Resources */,
				94296743E81E4F898E76DF72 /* roboto-700italic.ttf in Resources */,
				9D0475E37D084CFB9E0D6039 /* abril-fatface-regular.ttf in Resources */,
				84300EA1085A40FD8C215D78 /* roboto-regular.ttf in Resources */,
				0154071ABC684EE0BFF19F9B /* times-new-roman-regular.ttf in Resources */,
				627E4B8454894FCF9FAF8713 /* PlayfairDisplay-Italic-VariableFont_wght.ttf in Resources */,
				7FBD54FE7DF7469D8D151EC6 /* PlayfairDisplay.ttf in Resources */,
				C8B96D7E95124BA2BD380F79 /* PlayfairDisplay-Black.ttf in Resources */,
				A59486AB5435416C8D8FB4F2 /* PlayfairDisplay-BlackItalic.ttf in Resources */,
				2F2C4B611F6D4764B88D3CAB /* PlayfairDisplay-Bold.ttf in Resources */,
				16D710BA7F45421F87680A5D /* PlayfairDisplay-BoldItalic.ttf in Resources */,
				22E14418187A40669C6E2349 /* PlayfairDisplay-ExtraBold.ttf in Resources */,
				B6111C6BC83946419E757E88 /* PlayfairDisplay-ExtraBoldItalic.ttf in Resources */,
				80F4341E8A6E475195F09B8A /* PlayfairDisplay-Italic.ttf in Resources */,
				3C4BB6D146634FE3A2F4B0C2 /* PlayfairDisplay-Medium.ttf in Resources */,
				D2005E52D50042C790715B11 /* PlayfairDisplay-MediumItalic.ttf in Resources */,
				29335E274B214F4C9E59E387 /* PlayfairDisplay-Regular.ttf in Resources */,
				3A519B00A04F42CC8E940552 /* PlayfairDisplay-SemiBold.ttf in Resources */,
				A0D171C632C74804A15B20C4 /* PlayfairDisplay-SemiBoldItalic.ttf in Resources */,
				6E6233DC85094E8F9AA8D5A6 /* HighjinksBB_ital.ttf in Resources */,
				51D5698811804EE987B72EC4 /* HighjinksBB.ttf in Resources */,
				C086FB41313A472F941C8240 /* PlayfairDisplay-Italic.ttf in Resources */,
				6763E014F9E545AC8A718C48 /* Ewert.ttf in Resources */,
			);
			runOnlyForDeploymentPostprocessing = 0;
		};
		2D02E4791E0B4A5D006451C7 /* Resources */ = {
			isa = PBXResourcesBuildPhase;
			buildActionMask = 2147483647;
			files = (
				2D02E4BD1E0B4A84006451C7 /* Images.xcassets in Resources */,
			);
			runOnlyForDeploymentPostprocessing = 0;
		};
		2D02E48E1E0B4A5D006451C7 /* Resources */ = {
			isa = PBXResourcesBuildPhase;
			buildActionMask = 2147483647;
			files = (
			);
			runOnlyForDeploymentPostprocessing = 0;
		};
/* End PBXResourcesBuildPhase section */

/* Begin PBXShellScriptBuildPhase section */
		00DD1BFF1BD5951E006B06BC /* Bundle React Native code and images */ = {
			isa = PBXShellScriptBuildPhase;
			buildActionMask = 2147483647;
			files = (
			);
			inputPaths = (
			);
			name = "Bundle React Native code and images";
			outputPaths = (
			);
			runOnlyForDeploymentPostprocessing = 0;
			shellPath = /bin/sh;
			shellScript = "export NODE_BINARY=node\n../node_modules/react-native/scripts/react-native-xcode.sh";
		};
		2D02E4CB1E0B4B27006451C7 /* Bundle React Native Code And Images */ = {
			isa = PBXShellScriptBuildPhase;
			buildActionMask = 2147483647;
			files = (
			);
			inputPaths = (
			);
			name = "Bundle React Native Code And Images";
			outputPaths = (
			);
			runOnlyForDeploymentPostprocessing = 0;
			shellPath = /bin/sh;
			shellScript = "export NODE_BINARY=node\n../node_modules/react-native/scripts/react-native-xcode.sh";
		};
		FD10A7F022414F080027D42C /* Start Packager */ = {
			isa = PBXShellScriptBuildPhase;
			buildActionMask = 2147483647;
			files = (
			);
			inputFileListPaths = (
			);
			inputPaths = (
			);
			name = "Start Packager";
			outputFileListPaths = (
			);
			outputPaths = (
			);
			runOnlyForDeploymentPostprocessing = 0;
			shellPath = /bin/sh;
			shellScript = "export RCT_METRO_PORT=\"${RCT_METRO_PORT:=8081}\"\necho \"export RCT_METRO_PORT=${RCT_METRO_PORT}\" > \"${SRCROOT}/../node_modules/react-native/scripts/.packager.env\"\nif [ -z \"${RCT_NO_LAUNCH_PACKAGER+xxx}\" ] ; then\n  if nc -w 5 -z localhost ${RCT_METRO_PORT} ; then\n    if ! curl -s \"http://localhost:${RCT_METRO_PORT}/status\" | grep -q \"packager-status:running\" ; then\n      echo \"Port ${RCT_METRO_PORT} already in use, packager is either not running or not running correctly\"\n      exit 2\n    fi\n  else\n    open \"$SRCROOT/../node_modules/react-native/scripts/launchPackager.command\" || echo \"Can't start packager automatically\"\n  fi\nfi\n";
			showEnvVarsInLog = 0;
		};
		FD10A7F122414F3F0027D42C /* Start Packager */ = {
			isa = PBXShellScriptBuildPhase;
			buildActionMask = 2147483647;
			files = (
			);
			inputFileListPaths = (
			);
			inputPaths = (
			);
			name = "Start Packager";
			outputFileListPaths = (
			);
			outputPaths = (
			);
			runOnlyForDeploymentPostprocessing = 0;
			shellPath = /bin/sh;
			shellScript = "export RCT_METRO_PORT=\"${RCT_METRO_PORT:=8081}\"\necho \"export RCT_METRO_PORT=${RCT_METRO_PORT}\" > \"${SRCROOT}/../node_modules/react-native/scripts/.packager.env\"\nif [ -z \"${RCT_NO_LAUNCH_PACKAGER+xxx}\" ] ; then\n  if nc -w 5 -z localhost ${RCT_METRO_PORT} ; then\n    if ! curl -s \"http://localhost:${RCT_METRO_PORT}/status\" | grep -q \"packager-status:running\" ; then\n      echo \"Port ${RCT_METRO_PORT} already in use, packager is either not running or not running correctly\"\n      exit 2\n    fi\n  else\n    open \"$SRCROOT/../node_modules/react-native/scripts/launchPackager.command\" || echo \"Can't start packager automatically\"\n  fi\nfi\n";
			showEnvVarsInLog = 0;
		};
/* End PBXShellScriptBuildPhase section */

/* Begin PBXSourcesBuildPhase section */
		00E356EA1AD99517003FC87E /* Sources */ = {
			isa = PBXSourcesBuildPhase;
			buildActionMask = 2147483647;
			files = (
				00E356F31AD99517003FC87E /* ExpManTests.m in Sources */,
			);
			runOnlyForDeploymentPostprocessing = 0;
		};
		13B07F871A680F5B00A75B9A /* Sources */ = {
			isa = PBXSourcesBuildPhase;
			buildActionMask = 2147483647;
			files = (
				13B07FBC1A68108700A75B9A /* AppDelegate.m in Sources */,
				13B07FC11A68108700A75B9A /* main.m in Sources */,
			);
			runOnlyForDeploymentPostprocessing = 0;
		};
		2D02E4771E0B4A5D006451C7 /* Sources */ = {
			isa = PBXSourcesBuildPhase;
			buildActionMask = 2147483647;
			files = (
				2D02E4BF1E0B4AB3006451C7 /* main.m in Sources */,
				2D02E4BC1E0B4A80006451C7 /* AppDelegate.m in Sources */,
			);
			runOnlyForDeploymentPostprocessing = 0;
		};
		2D02E48C1E0B4A5D006451C7 /* Sources */ = {
			isa = PBXSourcesBuildPhase;
			buildActionMask = 2147483647;
			files = (
				2DCD954D1E0B4F2C00145EB5 /* ExpManTests.m in Sources */,
			);
			runOnlyForDeploymentPostprocessing = 0;
		};
/* End PBXSourcesBuildPhase section */

/* Begin PBXTargetDependency section */
		00E356F51AD99517003FC87E /* PBXTargetDependency */ = {
			isa = PBXTargetDependency;
			target = 13B07F861A680F5B00A75B9A /* ExpMan */;
			targetProxy = 00E356F41AD99517003FC87E /* PBXContainerItemProxy */;
		};
		2D02E4921E0B4A5D006451C7 /* PBXTargetDependency */ = {
			isa = PBXTargetDependency;
			target = 2D02E47A1E0B4A5D006451C7 /* ExpMan-tvOS */;
			targetProxy = 2D02E4911E0B4A5D006451C7 /* PBXContainerItemProxy */;
		};
/* End PBXTargetDependency section */

/* Begin PBXVariantGroup section */
		13B07FB11A68108700A75B9A /* LaunchScreen.xib */ = {
			isa = PBXVariantGroup;
			children = (
				13B07FB21A68108700A75B9A /* Base */,
			);
			name = LaunchScreen.xib;
			path = ExpMan;
			sourceTree = "<group>";
		};
/* End PBXVariantGroup section */

/* Begin XCBuildConfiguration section */
		00E356F61AD99517003FC87E /* Debug */ = {
			isa = XCBuildConfiguration;
			buildSettings = {
				BUNDLE_LOADER = "$(TEST_HOST)";
				GCC_PREPROCESSOR_DEFINITIONS = (
					"DEBUG=1",
					"$(inherited)",
				);
				INFOPLIST_FILE = ExpManTests/Info.plist;
				IPHONEOS_DEPLOYMENT_TARGET = 9.0;
				LD_RUNPATH_SEARCH_PATHS = "$(inherited) @executable_path/Frameworks @loader_path/Frameworks";
				OTHER_LDFLAGS = (
					"-ObjC",
					"-lc++",
					"$(inherited)",
				);
				PRODUCT_BUNDLE_IDENTIFIER = "org.reactjs.native.example.$(PRODUCT_NAME:rfc1034identifier)";
				PRODUCT_NAME = "$(TARGET_NAME)";
				TEST_HOST = "$(BUILT_PRODUCTS_DIR)/ExpMan.app/ExpMan";
			};
			name = Debug;
		};
		00E356F71AD99517003FC87E /* Release */ = {
			isa = XCBuildConfiguration;
			buildSettings = {
				BUNDLE_LOADER = "$(TEST_HOST)";
				COPY_PHASE_STRIP = NO;
				INFOPLIST_FILE = ExpManTests/Info.plist;
				IPHONEOS_DEPLOYMENT_TARGET = 9.0;
				LD_RUNPATH_SEARCH_PATHS = "$(inherited) @executable_path/Frameworks @loader_path/Frameworks";
				OTHER_LDFLAGS = (
					"-ObjC",
					"-lc++",
					"$(inherited)",
				);
				PRODUCT_BUNDLE_IDENTIFIER = "org.reactjs.native.example.$(PRODUCT_NAME:rfc1034identifier)";
				PRODUCT_NAME = "$(TARGET_NAME)";
				TEST_HOST = "$(BUILT_PRODUCTS_DIR)/ExpMan.app/ExpMan";
			};
			name = Release;
		};
		13B07F941A680F5B00A75B9A /* Debug */ = {
			isa = XCBuildConfiguration;
			buildSettings = {
				ASSETCATALOG_COMPILER_APPICON_NAME = AppIcon;
				CURRENT_PROJECT_VERSION = 1;
				DEAD_CODE_STRIPPING = NO;
				INFOPLIST_FILE = ExpMan/Info.plist;
				LD_RUNPATH_SEARCH_PATHS = "$(inherited) @executable_path/Frameworks";
				OTHER_LDFLAGS = (
					"$(inherited)",
					"-ObjC",
					"-lc++",
				);
				PRODUCT_BUNDLE_IDENTIFIER = "org.reactjs.native.example.$(PRODUCT_NAME:rfc1034identifier)";
				PRODUCT_NAME = ExpMan;
				VERSIONING_SYSTEM = "apple-generic";
			};
			name = Debug;
		};
		13B07F951A680F5B00A75B9A /* Release */ = {
			isa = XCBuildConfiguration;
			buildSettings = {
				ASSETCATALOG_COMPILER_APPICON_NAME = AppIcon;
				CURRENT_PROJECT_VERSION = 1;
				INFOPLIST_FILE = ExpMan/Info.plist;
				LD_RUNPATH_SEARCH_PATHS = "$(inherited) @executable_path/Frameworks";
				OTHER_LDFLAGS = (
					"$(inherited)",
					"-ObjC",
					"-lc++",
				);
				PRODUCT_BUNDLE_IDENTIFIER = "org.reactjs.native.example.$(PRODUCT_NAME:rfc1034identifier)";
				PRODUCT_NAME = ExpMan;
				VERSIONING_SYSTEM = "apple-generic";
			};
			name = Release;
		};
		2D02E4971E0B4A5E006451C7 /* Debug */ = {
			isa = XCBuildConfiguration;
			buildSettings = {
				ASSETCATALOG_COMPILER_APPICON_NAME = "App Icon & Top Shelf Image";
				ASSETCATALOG_COMPILER_LAUNCHIMAGE_NAME = LaunchImage;
				CLANG_ANALYZER_NONNULL = YES;
				CLANG_WARN_DOCUMENTATION_COMMENTS = YES;
				CLANG_WARN_INFINITE_RECURSION = YES;
				CLANG_WARN_SUSPICIOUS_MOVE = YES;
				DEBUG_INFORMATION_FORMAT = dwarf;
				ENABLE_TESTABILITY = YES;
				GCC_NO_COMMON_BLOCKS = YES;
				INFOPLIST_FILE = "ExpMan-tvOS/Info.plist";
				LD_RUNPATH_SEARCH_PATHS = "$(inherited) @executable_path/Frameworks";
				OTHER_LDFLAGS = (
					"$(inherited)",
					"-ObjC",
					"-lc++",
				);
				PRODUCT_BUNDLE_IDENTIFIER = "com.facebook.REACT.ExpMan-tvOS";
				PRODUCT_NAME = "$(TARGET_NAME)";
				SDKROOT = appletvos;
				TARGETED_DEVICE_FAMILY = 3;
				TVOS_DEPLOYMENT_TARGET = 9.2;
			};
			name = Debug;
		};
		2D02E4981E0B4A5E006451C7 /* Release */ = {
			isa = XCBuildConfiguration;
			buildSettings = {
				ASSETCATALOG_COMPILER_APPICON_NAME = "App Icon & Top Shelf Image";
				ASSETCATALOG_COMPILER_LAUNCHIMAGE_NAME = LaunchImage;
				CLANG_ANALYZER_NONNULL = YES;
				CLANG_WARN_DOCUMENTATION_COMMENTS = YES;
				CLANG_WARN_INFINITE_RECURSION = YES;
				CLANG_WARN_SUSPICIOUS_MOVE = YES;
				COPY_PHASE_STRIP = NO;
				DEBUG_INFORMATION_FORMAT = "dwarf-with-dsym";
				GCC_NO_COMMON_BLOCKS = YES;
				INFOPLIST_FILE = "ExpMan-tvOS/Info.plist";
				LD_RUNPATH_SEARCH_PATHS = "$(inherited) @executable_path/Frameworks";
				OTHER_LDFLAGS = (
					"$(inherited)",
					"-ObjC",
					"-lc++",
				);
				PRODUCT_BUNDLE_IDENTIFIER = "com.facebook.REACT.ExpMan-tvOS";
				PRODUCT_NAME = "$(TARGET_NAME)";
				SDKROOT = appletvos;
				TARGETED_DEVICE_FAMILY = 3;
				TVOS_DEPLOYMENT_TARGET = 9.2;
			};
			name = Release;
		};
		2D02E4991E0B4A5E006451C7 /* Debug */ = {
			isa = XCBuildConfiguration;
			buildSettings = {
				BUNDLE_LOADER = "$(TEST_HOST)";
				CLANG_ANALYZER_NONNULL = YES;
				CLANG_WARN_DOCUMENTATION_COMMENTS = YES;
				CLANG_WARN_INFINITE_RECURSION = YES;
				CLANG_WARN_SUSPICIOUS_MOVE = YES;
				DEBUG_INFORMATION_FORMAT = dwarf;
				ENABLE_TESTABILITY = YES;
				GCC_NO_COMMON_BLOCKS = YES;
				INFOPLIST_FILE = "ExpMan-tvOSTests/Info.plist";
				LD_RUNPATH_SEARCH_PATHS = "$(inherited) @executable_path/Frameworks @loader_path/Frameworks";
				OTHER_LDFLAGS = (
					"$(inherited)",
					"-ObjC",
					"-lc++",
				);
				PRODUCT_BUNDLE_IDENTIFIER = "com.facebook.REACT.ExpMan-tvOSTests";
				PRODUCT_NAME = "$(TARGET_NAME)";
				SDKROOT = appletvos;
				TEST_HOST = "$(BUILT_PRODUCTS_DIR)/ExpMan-tvOS.app/ExpMan-tvOS";
				TVOS_DEPLOYMENT_TARGET = 10.1;
			};
			name = Debug;
		};
		2D02E49A1E0B4A5E006451C7 /* Release */ = {
			isa = XCBuildConfiguration;
			buildSettings = {
				BUNDLE_LOADER = "$(TEST_HOST)";
				CLANG_ANALYZER_NONNULL = YES;
				CLANG_WARN_DOCUMENTATION_COMMENTS = YES;
				CLANG_WARN_INFINITE_RECURSION = YES;
				CLANG_WARN_SUSPICIOUS_MOVE = YES;
				COPY_PHASE_STRIP = NO;
				DEBUG_INFORMATION_FORMAT = "dwarf-with-dsym";
				GCC_NO_COMMON_BLOCKS = YES;
				INFOPLIST_FILE = "ExpMan-tvOSTests/Info.plist";
				LD_RUNPATH_SEARCH_PATHS = "$(inherited) @executable_path/Frameworks @loader_path/Frameworks";
				OTHER_LDFLAGS = (
					"$(inherited)",
					"-ObjC",
					"-lc++",
				);
				PRODUCT_BUNDLE_IDENTIFIER = "com.facebook.REACT.ExpMan-tvOSTests";
				PRODUCT_NAME = "$(TARGET_NAME)";
				SDKROOT = appletvos;
				TEST_HOST = "$(BUILT_PRODUCTS_DIR)/ExpMan-tvOS.app/ExpMan-tvOS";
				TVOS_DEPLOYMENT_TARGET = 10.1;
			};
			name = Release;
		};
		83CBBA201A601CBA00E9B192 /* Debug */ = {
			isa = XCBuildConfiguration;
			buildSettings = {
				ALWAYS_SEARCH_USER_PATHS = NO;
				CLANG_CXX_LANGUAGE_STANDARD = "gnu++0x";
				CLANG_CXX_LIBRARY = "libc++";
				CLANG_ENABLE_MODULES = YES;
				CLANG_ENABLE_OBJC_ARC = YES;
				CLANG_WARN_BLOCK_CAPTURE_AUTORELEASING = YES;
				CLANG_WARN_BOOL_CONVERSION = YES;
				CLANG_WARN_COMMA = YES;
				CLANG_WARN_CONSTANT_CONVERSION = YES;
				CLANG_WARN_DEPRECATED_OBJC_IMPLEMENTATIONS = YES;
				CLANG_WARN_DIRECT_OBJC_ISA_USAGE = YES_ERROR;
				CLANG_WARN_EMPTY_BODY = YES;
				CLANG_WARN_ENUM_CONVERSION = YES;
				CLANG_WARN_INFINITE_RECURSION = YES;
				CLANG_WARN_INT_CONVERSION = YES;
				CLANG_WARN_NON_LITERAL_NULL_CONVERSION = YES;
				CLANG_WARN_OBJC_IMPLICIT_RETAIN_SELF = YES;
				CLANG_WARN_OBJC_LITERAL_CONVERSION = YES;
				CLANG_WARN_OBJC_ROOT_CLASS = YES_ERROR;
				CLANG_WARN_RANGE_LOOP_ANALYSIS = YES;
				CLANG_WARN_STRICT_PROTOTYPES = YES;
				CLANG_WARN_SUSPICIOUS_MOVE = YES;
				CLANG_WARN_UNREACHABLE_CODE = YES;
				CLANG_WARN__DUPLICATE_METHOD_MATCH = YES;
				"CODE_SIGN_IDENTITY[sdk=iphoneos*]" = "iPhone Developer";
				COPY_PHASE_STRIP = NO;
				ENABLE_STRICT_OBJC_MSGSEND = YES;
				ENABLE_TESTABILITY = YES;
				GCC_C_LANGUAGE_STANDARD = gnu99;
				GCC_DYNAMIC_NO_PIC = NO;
				GCC_NO_COMMON_BLOCKS = YES;
				GCC_OPTIMIZATION_LEVEL = 0;
				GCC_PREPROCESSOR_DEFINITIONS = (
					"DEBUG=1",
					"$(inherited)",
				);
				GCC_SYMBOLS_PRIVATE_EXTERN = NO;
				GCC_WARN_64_TO_32_BIT_CONVERSION = YES;
				GCC_WARN_ABOUT_RETURN_TYPE = YES_ERROR;
				GCC_WARN_UNDECLARED_SELECTOR = YES;
				GCC_WARN_UNINITIALIZED_AUTOS = YES_AGGRESSIVE;
				GCC_WARN_UNUSED_FUNCTION = YES;
				GCC_WARN_UNUSED_VARIABLE = YES;
				IPHONEOS_DEPLOYMENT_TARGET = 9.0;
				MTL_ENABLE_DEBUG_INFO = YES;
				ONLY_ACTIVE_ARCH = YES;
				SDKROOT = iphoneos;
			};
			name = Debug;
		};
		83CBBA211A601CBA00E9B192 /* Release */ = {
			isa = XCBuildConfiguration;
			buildSettings = {
				ALWAYS_SEARCH_USER_PATHS = NO;
				CLANG_CXX_LANGUAGE_STANDARD = "gnu++0x";
				CLANG_CXX_LIBRARY = "libc++";
				CLANG_ENABLE_MODULES = YES;
				CLANG_ENABLE_OBJC_ARC = YES;
				CLANG_WARN_BLOCK_CAPTURE_AUTORELEASING = YES;
				CLANG_WARN_BOOL_CONVERSION = YES;
				CLANG_WARN_COMMA = YES;
				CLANG_WARN_CONSTANT_CONVERSION = YES;
				CLANG_WARN_DEPRECATED_OBJC_IMPLEMENTATIONS = YES;
				CLANG_WARN_DIRECT_OBJC_ISA_USAGE = YES_ERROR;
				CLANG_WARN_EMPTY_BODY = YES;
				CLANG_WARN_ENUM_CONVERSION = YES;
				CLANG_WARN_INFINITE_RECURSION = YES;
				CLANG_WARN_INT_CONVERSION = YES;
				CLANG_WARN_NON_LITERAL_NULL_CONVERSION = YES;
				CLANG_WARN_OBJC_IMPLICIT_RETAIN_SELF = YES;
				CLANG_WARN_OBJC_LITERAL_CONVERSION = YES;
				CLANG_WARN_OBJC_ROOT_CLASS = YES_ERROR;
				CLANG_WARN_RANGE_LOOP_ANALYSIS = YES;
				CLANG_WARN_STRICT_PROTOTYPES = YES;
				CLANG_WARN_SUSPICIOUS_MOVE = YES;
				CLANG_WARN_UNREACHABLE_CODE = YES;
				CLANG_WARN__DUPLICATE_METHOD_MATCH = YES;
				"CODE_SIGN_IDENTITY[sdk=iphoneos*]" = "iPhone Developer";
				COPY_PHASE_STRIP = YES;
				ENABLE_NS_ASSERTIONS = NO;
				ENABLE_STRICT_OBJC_MSGSEND = YES;
				GCC_C_LANGUAGE_STANDARD = gnu99;
				GCC_NO_COMMON_BLOCKS = YES;
				GCC_WARN_64_TO_32_BIT_CONVERSION = YES;
				GCC_WARN_ABOUT_RETURN_TYPE = YES_ERROR;
				GCC_WARN_UNDECLARED_SELECTOR = YES;
				GCC_WARN_UNINITIALIZED_AUTOS = YES_AGGRESSIVE;
				GCC_WARN_UNUSED_FUNCTION = YES;
				GCC_WARN_UNUSED_VARIABLE = YES;
				IPHONEOS_DEPLOYMENT_TARGET = 9.0;
				MTL_ENABLE_DEBUG_INFO = NO;
				SDKROOT = iphoneos;
				VALIDATE_PRODUCT = YES;
			};
			name = Release;
		};
/* End XCBuildConfiguration section */

/* Begin XCConfigurationList section */
		00E357021AD99517003FC87E /* Build configuration list for PBXNativeTarget "ExpManTests" */ = {
			isa = XCConfigurationList;
			buildConfigurations = (
				00E356F61AD99517003FC87E /* Debug */,
				00E356F71AD99517003FC87E /* Release */,
			);
			defaultConfigurationIsVisible = 0;
			defaultConfigurationName = Release;
		};
		13B07F931A680F5B00A75B9A /* Build configuration list for PBXNativeTarget "ExpMan" */ = {
			isa = XCConfigurationList;
			buildConfigurations = (
				13B07F941A680F5B00A75B9A /* Debug */,
				13B07F951A680F5B00A75B9A /* Release */,
			);
			defaultConfigurationIsVisible = 0;
			defaultConfigurationName = Release;
		};
		2D02E4BA1E0B4A5E006451C7 /* Build configuration list for PBXNativeTarget "ExpMan-tvOS" */ = {
			isa = XCConfigurationList;
			buildConfigurations = (
				2D02E4971E0B4A5E006451C7 /* Debug */,
				2D02E4981E0B4A5E006451C7 /* Release */,
			);
			defaultConfigurationIsVisible = 0;
			defaultConfigurationName = Release;
		};
		2D02E4BB1E0B4A5E006451C7 /* Build configuration list for PBXNativeTarget "ExpMan-tvOSTests" */ = {
			isa = XCConfigurationList;
			buildConfigurations = (
				2D02E4991E0B4A5E006451C7 /* Debug */,
				2D02E49A1E0B4A5E006451C7 /* Release */,
			);
			defaultConfigurationIsVisible = 0;
			defaultConfigurationName = Release;
		};
		83CBB9FA1A601CBA00E9B192 /* Build configuration list for PBXProject "ExpMan" */ = {
			isa = XCConfigurationList;
			buildConfigurations = (
				83CBBA201A601CBA00E9B192 /* Debug */,
				83CBBA211A601CBA00E9B192 /* Release */,
			);
			defaultConfigurationIsVisible = 0;
			defaultConfigurationName = Release;
		};
/* End XCConfigurationList section */
	};
	rootObject = 83CBB9F71A601CBA00E9B192 /* Project object */;
}
